
Microsoft Visual Studio Solution File, Format Version 12.00
# Visual Studio 14
VisualStudioVersion = 14.0.25420.1
MinimumVisualStudioVersion = 10.0.40219.1
Project("{FAE04EC0-301F-11D3-BF4B-00C04F79EFBC}") = "IOTest", "IOTest\IOTest.csproj", "{AE2E11D4-B20C-47E5-B5BA-0A2AFEF09D97}"
EndProject
Project("{FAE04EC0-301F-11D3-BF4B-00C04F79EFBC}") = "Cellphones", "Cellphones\Cellphones.csproj", "{F74DC235-B35A-439E-B277-6C8FE4EDA3E3}"
EndProject
Project("{FAE04EC0-301F-11D3-BF4B-00C04F79EFBC}") = "Cellphones.Test", "Cellphones.Test\Cellphones.Test.csproj", "{F099F930-22F7-4077-AAE8-5513B049EF31}"
EndProject
Global
	GlobalSection(SolutionConfigurationPlatforms) = preSolution
		Debug|Any CPU = Debug|Any CPU
		Release|Any CPU = Release|Any CPU
	EndGlobalSection
	GlobalSection(ProjectConfigurationPlatforms) = postSolution
		{AE2E11D4-B20C-47E5-B5BA-0A2AFEF09D97}.Debug|Any CPU.ActiveCfg = Debug|Any CPU
		{AE2E11D4-B20C-47E5-B5BA-0A2AFEF09D97}.Debug|Any CPU.Build.0 = Debug|Any CPU
		{AE2E11D4-B20C-47E5-B5BA-0A2AFEF09D97}.Release|Any CPU.ActiveCfg = Release|Any CPU
		{AE2E11D4-B20C-47E5-B5BA-0A2AFEF09D97}.Release|Any CPU.Build.0 = Release|Any CPU
		{F74DC235-B35A-439E-B277-6C8FE4EDA3E3}.Debug|Any CPU.ActiveCfg = Debug|Any CPU
		{F74DC235-B35A-439E-B277-6C8FE4EDA3E3}.Debug|Any CPU.Build.0 = Debug|Any CPU
		{F74DC235-B35A-439E-B277-6C8FE4EDA3E3}.Release|Any CPU.ActiveCfg = Release|Any CPU
		{F74DC235-B35A-439E-B277-6C8FE4EDA3E3}.Release|Any CPU.Build.0 = Release|Any CPU
		{F099F930-22F7-4077-AAE8-5513B049EF31}.Debug|Any CPU.ActiveCfg = Debug|Any CPU
		{F099F930-22F7-4077-AAE8-5513B049EF31}.Debug|Any CPU.Build.0 = Debug|Any CPU
		{F099F930-22F7-4077-AAE8-5513B049EF31}.Release|Any CPU.ActiveCfg = Release|Any CPU
		{F099F930-22F7-4077-AAE8-5513B049EF31}.Release|Any CPU.Build.0 = Release|Any CPU
	EndGlobalSection
	GlobalSection(SolutionProperties) = preSolution
		HideSolutionNode = FALSE
	EndGlobalSection
EndGlobal
